
Microsoft Visual Studio Solution File, Format Version 12.00
# Visual Studio Version 16
VisualStudioVersion = 16.0.33130.400
MinimumVisualStudioVersion = 10.0.40219.1
Project("{FAE04EC0-301F-11D3-BF4B-00C04F79EFBC}") = "CS-Assignment-3", "CS-Assignment-3\CS-Assignment-3.csproj", "{F7212CD5-CF0F-4EAC-BA76-DE6B538C53A4}"
EndProject
Global
	GlobalSection(SolutionConfigurationPlatforms) = preSolution
		Debug|Any CPU = Debug|Any CPU
		Release|Any CPU = Release|Any CPU
	EndGlobalSection
	GlobalSection(ProjectConfigurationPlatforms) = postSolution
		{F7212CD5-CF0F-4EAC-BA76-DE6B538C53A4}.Debug|Any CPU.ActiveCfg = Debug|Any CPU
		{F7212CD5-CF0F-4EAC-BA76-DE6B538C53A4}.Debug|Any CPU.Build.0 = Debug|Any CPU
		{F7212CD5-CF0F-4EAC-BA76-DE6B538C53A4}.Release|Any CPU.ActiveCfg = Release|Any CPU
		{F7212CD5-CF0F-4EAC-BA76-DE6B538C53A4}.Release|Any CPU.Build.0 = Release|Any CPU
	EndGlobalSection
	GlobalSection(SolutionProperties) = preSolution
		HideSolutionNode = FALSE
	EndGlobalSection
	GlobalSection(ExtensibilityGlobals) = postSolution
		SolutionGuid = {FD2ED9BE-3E26-47C1-9160-4DD0D861DD2B}
	EndGlobalSection
EndGlobal
